
Microsoft Visual Studio Solution File, Format Version 12.00
# Visual Studio 15
VisualStudioVersion = 15.0.28010.2036
MinimumVisualStudioVersion = 10.0.40219.1
Project("{FAE04EC0-301F-11D3-BF4B-00C04F79EFBC}") = "queuedotnetcore", "queuedotnetcore\queuedotnetcore.csproj", "{EE92F686-AA26-49AB-9F59-B112F74BE35E}"
EndProject
Global
	GlobalSection(SolutionConfigurationPlatforms) = preSolution
		Debug|Any CPU = Debug|Any CPU
		Release|Any CPU = Release|Any CPU
	EndGlobalSection
	GlobalSection(ProjectConfigurationPlatforms) = postSolution
		{EE92F686-AA26-49AB-9F59-B112F74BE35E}.Debug|Any CPU.ActiveCfg = Debug|Any CPU
		{EE92F686-AA26-49AB-9F59-B112F74BE35E}.Debug|Any CPU.Build.0 = Debug|Any CPU
		{EE92F686-AA26-49AB-9F59-B112F74BE35E}.Release|Any CPU.ActiveCfg = Release|Any CPU
		{EE92F686-AA26-49AB-9F59-B112F74BE35E}.Release|Any CPU.Build.0 = Release|Any CPU
	EndGlobalSection
	GlobalSection(SolutionProperties) = preSolution
		HideSolutionNode = FALSE
	EndGlobalSection
	GlobalSection(ExtensibilityGlobals) = postSolution
		SolutionGuid = {740320FF-C71B-442D-BA84-77891787E1F9}
	EndGlobalSection
EndGlobal
